// !$*UTF8*$!
{
	archiveVersion = 1;
	classes = {
	};
	objectVersion = 46;
	objects = {

/* Begin PBXBuildFile section */
		0C06D0131F14BD2F0037B86D /* CFNetwork.framework in Frameworks */ = {isa = PBXBuildFile; fileRef = 0C06D0121F14BD2F0037B86D /* CFNetwork.framework */; };
		0C06D0151F14BD3D0037B86D /* Security.framework in Frameworks */ = {isa = PBXBuildFile; fileRef = 0C06D0141F14BD3D0037B86D /* Security.framework */; };
		0C06D0171F14BD430037B86D /* Foundation.framework in Frameworks */ = {isa = PBXBuildFile; fileRef = 0C06D0161F14BD430037B86D /* Foundation.framework */; };
		0C06D01A1F14C8D70037B86D /* GGHostListController.m in Sources */ = {isa = PBXBuildFile; fileRef = 0C06D0191F14C8D70037B86D /* GGHostListController.m */; };
		0C31C1D71ED914F400B35F43 /* GGBoardView.m in Sources */ = {isa = PBXBuildFile; fileRef = 0C31C1D61ED914F400B35F43 /* GGBoardView.m */; };
		0C31C1DD1ED9524600B35F43 /* GGBoardController.m in Sources */ = {isa = PBXBuildFile; fileRef = 0C31C1DC1ED9524600B35F43 /* GGBoardController.m */; };
		0CC96DAC1ED1583C00484771 /* main.m in Sources */ = {isa = PBXBuildFile; fileRef = 0CC96DAB1ED1583C00484771 /* main.m */; };
		0CC96DAF1ED1583C00484771 /* AppDelegate.m in Sources */ = {isa = PBXBuildFile; fileRef = 0CC96DAE1ED1583C00484771 /* AppDelegate.m */; };
		0CC96DB51ED1583C00484771 /* Main.storyboard in Resources */ = {isa = PBXBuildFile; fileRef = 0CC96DB31ED1583C00484771 /* Main.storyboard */; };
		0CC96DBA1ED1583C00484771 /* LaunchScreen.storyboard in Resources */ = {isa = PBXBuildFile; fileRef = 0CC96DB81ED1583C00484771 /* LaunchScreen.storyboard */; };
		0CCA87841EE10F8D006CAA70 /* GGMenuController.m in Sources */ = {isa = PBXBuildFile; fileRef = 0CCA87831EE10F8D006CAA70 /* GGMenuController.m */; };
		0CCA87861EE12290006CAA70 /* Assets.xcassets in Resources */ = {isa = PBXBuildFile; fileRef = 0CCA87851EE12290006CAA70 /* Assets.xcassets */; };
		7BBBFC411ED9193200B6A9FD /* GGMove.m in Sources */ = {isa = PBXBuildFile; fileRef = 7BBBFC401ED9193200B6A9FD /* GGMove.m */; };
		7BBBFC441ED91B0F00B6A9FD /* GGBoard.m in Sources */ = {isa = PBXBuildFile; fileRef = 7BBBFC431ED91B0F00B6A9FD /* GGBoard.m */; };
		7BBBFC471ED94EDD00B6A9FD /* GGPlayer.m in Sources */ = {isa = PBXBuildFile; fileRef = 7BBBFC461ED94EDD00B6A9FD /* GGPlayer.m */; };
		B655F7E0DA1B8DCF62EF1682 /* Pods_Gomoku.framework in Frameworks */ = {isa = PBXBuildFile; fileRef = 6AD9DBAC9E17C13B7F6A10D2 /* Pods_Gomoku.framework */; };
/* End PBXBuildFile section */

/* Begin PBXFileReference section */
		09EBFF66163AA27A22DA0075 /* Pods-Gomoku.debug.xcconfig */ = {isa = PBXFileReference; includeInIndex = 1; lastKnownFileType = text.xcconfig; name = "Pods-Gomoku.debug.xcconfig"; path = "Pods/Target Support Files/Pods-Gomoku/Pods-Gomoku.debug.xcconfig"; sourceTree = "<group>"; };
		0C06D0121F14BD2F0037B86D /* CFNetwork.framework */ = {isa = PBXFileReference; lastKnownFileType = wrapper.framework; name = CFNetwork.framework; path = System/Library/Frameworks/CFNetwork.framework; sourceTree = SDKROOT; };
		0C06D0141F14BD3D0037B86D /* Security.framework */ = {isa = PBXFileReference; lastKnownFileType = wrapper.framework; name = Security.framework; path = System/Library/Frameworks/Security.framework; sourceTree = SDKROOT; };
		0C06D0161F14BD430037B86D /* Foundation.framework */ = {isa = PBXFileReference; lastKnownFileType = wrapper.framework; name = Foundation.framework; path = System/Library/Frameworks/Foundation.framework; sourceTree = SDKROOT; };
		0C06D0181F14C8D70037B86D /* GGHostListController.h */ = {isa = PBXFileReference; fileEncoding = 4; lastKnownFileType = sourcecode.c.h; name = GGHostListController.h; path = Controller/GGHostListController.h; sourceTree = "<group>"; };
		0C06D0191F14C8D70037B86D /* GGHostListController.m */ = {isa = PBXFileReference; fileEncoding = 4; lastKnownFileType = sourcecode.c.objc; name = GGHostListController.m; path = Controller/GGHostListController.m; sourceTree = "<group>"; };
		0C31C1D51ED914F400B35F43 /* GGBoardView.h */ = {isa = PBXFileReference; fileEncoding = 4; lastKnownFileType = sourcecode.c.h; name = GGBoardView.h; path = View/GGBoardView.h; sourceTree = "<group>"; };
		0C31C1D61ED914F400B35F43 /* GGBoardView.m */ = {isa = PBXFileReference; fileEncoding = 4; lastKnownFileType = sourcecode.c.objc; name = GGBoardView.m; path = View/GGBoardView.m; sourceTree = "<group>"; };
		0C31C1DB1ED9524600B35F43 /* GGBoardController.h */ = {isa = PBXFileReference; fileEncoding = 4; lastKnownFileType = sourcecode.c.h; name = GGBoardController.h; path = Controller/GGBoardController.h; sourceTree = "<group>"; };
		0C31C1DC1ED9524600B35F43 /* GGBoardController.m */ = {isa = PBXFileReference; fileEncoding = 4; lastKnownFileType = sourcecode.c.objc; name = GGBoardController.m; path = Controller/GGBoardController.m; sourceTree = "<group>"; };
		0C7044F4539E688F07C35966 /* Pods-Gomoku.release.xcconfig */ = {isa = PBXFileReference; includeInIndex = 1; lastKnownFileType = text.xcconfig; name = "Pods-Gomoku.release.xcconfig"; path = "Pods/Target Support Files/Pods-Gomoku/Pods-Gomoku.release.xcconfig"; sourceTree = "<group>"; };
		0CC96DA71ED1583C00484771 /* Gomoku.app */ = {isa = PBXFileReference; explicitFileType = wrapper.application; includeInIndex = 0; path = Gomoku.app; sourceTree = BUILT_PRODUCTS_DIR; };
		0CC96DAB1ED1583C00484771 /* main.m */ = {isa = PBXFileReference; lastKnownFileType = sourcecode.c.objc; path = main.m; sourceTree = "<group>"; };
		0CC96DAD1ED1583C00484771 /* AppDelegate.h */ = {isa = PBXFileReference; lastKnownFileType = sourcecode.c.h; path = AppDelegate.h; sourceTree = "<group>"; };
		0CC96DAE1ED1583C00484771 /* AppDelegate.m */ = {isa = PBXFileReference; lastKnownFileType = sourcecode.c.objc; path = AppDelegate.m; sourceTree = "<group>"; };
		0CC96DB41ED1583C00484771 /* Base */ = {isa = PBXFileReference; lastKnownFileType = file.storyboard; name = Base; path = Base.lproj/Main.storyboard; sourceTree = "<group>"; };
		0CC96DB91ED1583C00484771 /* Base */ = {isa = PBXFileReference; lastKnownFileType = file.storyboard; name = Base; path = Base.lproj/LaunchScreen.storyboard; sourceTree = "<group>"; };
		0CC96DBB1ED1583C00484771 /* Info.plist */ = {isa = PBXFileReference; lastKnownFileType = text.plist.xml; path = Info.plist; sourceTree = "<group>"; };
		0CCA87821EE10F8D006CAA70 /* GGMenuController.h */ = {isa = PBXFileReference; fileEncoding = 4; lastKnownFileType = sourcecode.c.h; name = GGMenuController.h; path = Controller/GGMenuController.h; sourceTree = "<group>"; };
		0CCA87831EE10F8D006CAA70 /* GGMenuController.m */ = {isa = PBXFileReference; fileEncoding = 4; lastKnownFileType = sourcecode.c.objc; name = GGMenuController.m; path = Controller/GGMenuController.m; sourceTree = "<group>"; };
		0CCA87851EE12290006CAA70 /* Assets.xcassets */ = {isa = PBXFileReference; lastKnownFileType = folder.assetcatalog; path = Assets.xcassets; sourceTree = "<group>"; };
		6AD9DBAC9E17C13B7F6A10D2 /* Pods_Gomoku.framework */ = {isa = PBXFileReference; explicitFileType = wrapper.framework; includeInIndex = 0; path = Pods_Gomoku.framework; sourceTree = BUILT_PRODUCTS_DIR; };
		7BBBFC3F1ED9193200B6A9FD /* GGMove.h */ = {isa = PBXFileReference; fileEncoding = 4; lastKnownFileType = sourcecode.c.h; path = GGMove.h; sourceTree = "<group>"; };
		7BBBFC401ED9193200B6A9FD /* GGMove.m */ = {isa = PBXFileReference; fileEncoding = 4; lastKnownFileType = sourcecode.c.objc; path = GGMove.m; sourceTree = "<group>"; };
		7BBBFC421ED91B0F00B6A9FD /* GGBoard.h */ = {isa = PBXFileReference; fileEncoding = 4; lastKnownFileType = sourcecode.c.h; path = GGBoard.h; sourceTree = "<group>"; };
		7BBBFC431ED91B0F00B6A9FD /* GGBoard.m */ = {isa = PBXFileReference; fileEncoding = 4; lastKnownFileType = sourcecode.c.objc; path = GGBoard.m; sourceTree = "<group>"; };
		7BBBFC451ED94EDD00B6A9FD /* GGPlayer.h */ = {isa = PBXFileReference; fileEncoding = 4; lastKnownFileType = sourcecode.c.h; path = GGPlayer.h; sourceTree = "<group>"; };
		7BBBFC461ED94EDD00B6A9FD /* GGPlayer.m */ = {isa = PBXFileReference; fileEncoding = 4; lastKnownFileType = sourcecode.c.objc; path = GGPlayer.m; sourceTree = "<group>"; };
/* End PBXFileReference section */

/* Begin PBXFrameworksBuildPhase section */
		0CC96DA41ED1583C00484771 /* Frameworks */ = {
			isa = PBXFrameworksBuildPhase;
			buildActionMask = 2147483647;
			files = (
				0C06D0171F14BD430037B86D /* Foundation.framework in Frameworks */,
				0C06D0151F14BD3D0037B86D /* Security.framework in Frameworks */,
				0C06D0131F14BD2F0037B86D /* CFNetwork.framework in Frameworks */,
				B655F7E0DA1B8DCF62EF1682 /* Pods_Gomoku.framework in Frameworks */,
			);
			runOnlyForDeploymentPostprocessing = 0;
		};
/* End PBXFrameworksBuildPhase section */

/* Begin PBXGroup section */
		0C31C1D41ED914BC00B35F43 /* View */ = {
			isa = PBXGroup;
			children = (
				0C31C1D51ED914F400B35F43 /* GGBoardView.h */,
				0C31C1D61ED914F400B35F43 /* GGBoardView.m */,
			);
			name = View;
			sourceTree = "<group>";
		};
		0C31C1DA1ED9521600B35F43 /* Controller */ = {
			isa = PBXGroup;
			children = (
				0C31C1DB1ED9524600B35F43 /* GGBoardController.h */,
				0C31C1DC1ED9524600B35F43 /* GGBoardController.m */,
				0CCA87821EE10F8D006CAA70 /* GGMenuController.h */,
				0CCA87831EE10F8D006CAA70 /* GGMenuController.m */,
				0C06D0181F14C8D70037B86D /* GGHostListController.h */,
				0C06D0191F14C8D70037B86D /* GGHostListController.m */,
			);
			name = Controller;
			sourceTree = "<group>";
		};
		0CC96D9E1ED1583C00484771 = {
			isa = PBXGroup;
			children = (
				0CC96DA91ED1583C00484771 /* Gomoku */,
				0CC96DA81ED1583C00484771 /* Products */,
				D9A003FD14468D48AB4FF4B5 /* Pods */,
				E91EB50956D79C31CF6259F9 /* Frameworks */,
			);
			sourceTree = "<group>";
		};
		0CC96DA81ED1583C00484771 /* Products */ = {
			isa = PBXGroup;
			children = (
				0CC96DA71ED1583C00484771 /* Gomoku.app */,
			);
			name = Products;
			sourceTree = "<group>";
		};
		0CC96DA91ED1583C00484771 /* Gomoku */ = {
			isa = PBXGroup;
			children = (
				0C31C1DA1ED9521600B35F43 /* Controller */,
				0C31C1D41ED914BC00B35F43 /* View */,
				7BBBFC3E1ED9151200B6A9FD /* Model */,
				0CC96DAD1ED1583C00484771 /* AppDelegate.h */,
				0CC96DAE1ED1583C00484771 /* AppDelegate.m */,
				0CCA87851EE12290006CAA70 /* Assets.xcassets */,
				0CC96DB31ED1583C00484771 /* Main.storyboard */,
				0CC96DB81ED1583C00484771 /* LaunchScreen.storyboard */,
				0CC96DBB1ED1583C00484771 /* Info.plist */,
				0CC96DAA1ED1583C00484771 /* Supporting Files */,
			);
			path = Gomoku;
			sourceTree = "<group>";
		};
		0CC96DAA1ED1583C00484771 /* Supporting Files */ = {
			isa = PBXGroup;
			children = (
				0CC96DAB1ED1583C00484771 /* main.m */,
			);
			name = "Supporting Files";
			sourceTree = "<group>";
		};
		7BBBFC3E1ED9151200B6A9FD /* Model */ = {
			isa = PBXGroup;
			children = (
				7BBBFC421ED91B0F00B6A9FD /* GGBoard.h */,
				7BBBFC431ED91B0F00B6A9FD /* GGBoard.m */,
				7BBBFC3F1ED9193200B6A9FD /* GGMove.h */,
				7BBBFC401ED9193200B6A9FD /* GGMove.m */,
				7BBBFC451ED94EDD00B6A9FD /* GGPlayer.h */,
				7BBBFC461ED94EDD00B6A9FD /* GGPlayer.m */,
			);
			name = Model;
			path = model;
			sourceTree = "<group>";
		};
		D9A003FD14468D48AB4FF4B5 /* Pods */ = {
			isa = PBXGroup;
			children = (
				09EBFF66163AA27A22DA0075 /* Pods-Gomoku.debug.xcconfig */,
				0C7044F4539E688F07C35966 /* Pods-Gomoku.release.xcconfig */,
			);
			name = Pods;
			sourceTree = "<group>";
		};
		E91EB50956D79C31CF6259F9 /* Frameworks */ = {
			isa = PBXGroup;
			children = (
				0C06D0161F14BD430037B86D /* Foundation.framework */,
				0C06D0141F14BD3D0037B86D /* Security.framework */,
				0C06D0121F14BD2F0037B86D /* CFNetwork.framework */,
				6AD9DBAC9E17C13B7F6A10D2 /* Pods_Gomoku.framework */,
			);
			name = Frameworks;
			sourceTree = "<group>";
		};
/* End PBXGroup section */

/* Begin PBXNativeTarget section */
		0CC96DA61ED1583C00484771 /* Gomoku */ = {
			isa = PBXNativeTarget;
			buildConfigurationList = 0CC96DBE1ED1583C00484771 /* Build configuration list for PBXNativeTarget "Gomoku" */;
			buildPhases = (
				5668EEE0BAD387C8BC6D1559 /* [CP] Check Pods Manifest.lock */,
				0CC96DA31ED1583C00484771 /* Sources */,
				0CC96DA41ED1583C00484771 /* Frameworks */,
				0CC96DA51ED1583C00484771 /* Resources */,
				88A496A25E223D9A13BDAE9B /* [CP] Embed Pods Frameworks */,
				AC23C1DEE8FFA743D6E759F2 /* [CP] Copy Pods Resources */,
			);
			buildRules = (
			);
			dependencies = (
			);
			name = Gomoku;
			productName = Gomoku;
			productReference = 0CC96DA71ED1583C00484771 /* Gomoku.app */;
			productType = "com.apple.product-type.application";
		};
/* End PBXNativeTarget section */

/* Begin PBXProject section */
		0CC96D9F1ED1583C00484771 /* Project object */ = {
			isa = PBXProject;
			attributes = {
				LastUpgradeCheck = 0830;
				ORGANIZATIONNAME = "University of Melbourne";
				TargetAttributes = {
					0CC96DA61ED1583C00484771 = {
						CreatedOnToolsVersion = 8.3.2;
						DevelopmentTeam = 7STNWYS4YZ;
						ProvisioningStyle = Automatic;
					};
				};
			};
			buildConfigurationList = 0CC96DA21ED1583C00484771 /* Build configuration list for PBXProject "Gomoku" */;
			compatibilityVersion = "Xcode 3.2";
			developmentRegion = English;
			hasScannedForEncodings = 0;
			knownRegions = (
				en,
				Base,
			);
			mainGroup = 0CC96D9E1ED1583C00484771;
			productRefGroup = 0CC96DA81ED1583C00484771 /* Products */;
			projectDirPath = "";
			projectRoot = "";
			targets = (
				0CC96DA61ED1583C00484771 /* Gomoku */,
			);
		};
/* End PBXProject section */

/* Begin PBXResourcesBuildPhase section */
		0CC96DA51ED1583C00484771 /* Resources */ = {
			isa = PBXResourcesBuildPhase;
			buildActionMask = 2147483647;
			files = (
				0CC96DBA1ED1583C00484771 /* LaunchScreen.storyboard in Resources */,
				0CC96DB51ED1583C00484771 /* Main.storyboard in Resources */,
				0CCA87861EE12290006CAA70 /* Assets.xcassets in Resources */,
			);
			runOnlyForDeploymentPostprocessing = 0;
		};
/* End PBXResourcesBuildPhase section */

/* Begin PBXShellScriptBuildPhase section */
		5668EEE0BAD387C8BC6D1559 /* [CP] Check Pods Manifest.lock */ = {
			isa = PBXShellScriptBuildPhase;
			buildActionMask = 2147483647;
			files = (
			);
			inputPaths = (
			);
			name = "[CP] Check Pods Manifest.lock";
			outputPaths = (
			);
			runOnlyForDeploymentPostprocessing = 0;
			shellPath = /bin/sh;
			shellScript = "diff \"${PODS_ROOT}/../Podfile.lock\" \"${PODS_ROOT}/Manifest.lock\" > /dev/null\nif [ $? != 0 ] ; then\n    # print error to STDERR\n    echo \"error: The sandbox is not in sync with the Podfile.lock. Run 'pod install' or update your CocoaPods installation.\" >&2\n    exit 1\nfi\n";
			showEnvVarsInLog = 0;
		};
		88A496A25E223D9A13BDAE9B /* [CP] Embed Pods Frameworks */ = {
			isa = PBXShellScriptBuildPhase;
			buildActionMask = 2147483647;
			files = (
			);
			inputPaths = (
			);
			name = "[CP] Embed Pods Frameworks";
			outputPaths = (
			);
			runOnlyForDeploymentPostprocessing = 0;
			shellPath = /bin/sh;
			shellScript = "\"${SRCROOT}/Pods/Target Support Files/Pods-Gomoku/Pods-Gomoku-frameworks.sh\"\n";
			showEnvVarsInLog = 0;
		};
		AC23C1DEE8FFA743D6E759F2 /* [CP] Copy Pods Resources */ = {
			isa = PBXShellScriptBuildPhase;
			buildActionMask = 2147483647;
			files = (
			);
			inputPaths = (
			);
			name = "[CP] Copy Pods Resources";
			outputPaths = (
			);
			runOnlyForDeploymentPostprocessing = 0;
			shellPath = /bin/sh;
			shellScript = "\"${SRCROOT}/Pods/Target Support Files/Pods-Gomoku/Pods-Gomoku-resources.sh\"\n";
			showEnvVarsInLog = 0;
		};
/* End PBXShellScriptBuildPhase section */

/* Begin PBXSourcesBuildPhase section */
		0CC96DA31ED1583C00484771 /* Sources */ = {
			isa = PBXSourcesBuildPhase;
			buildActionMask = 2147483647;
			files = (
				7BBBFC411ED9193200B6A9FD /* GGMove.m in Sources */,
				0C06D01A1F14C8D70037B86D /* GGHostListController.m in Sources */,
				0CC96DAF1ED1583C00484771 /* AppDelegate.m in Sources */,
				0C31C1D71ED914F400B35F43 /* GGBoardView.m in Sources */,
				0CC96DAC1ED1583C00484771 /* main.m in Sources */,
				0CCA87841EE10F8D006CAA70 /* GGMenuController.m in Sources */,
				0C31C1DD1ED9524600B35F43 /* GGBoardController.m in Sources */,
				7BBBFC471ED94EDD00B6A9FD /* GGPlayer.m in Sources */,
				7BBBFC441ED91B0F00B6A9FD /* GGBoard.m in Sources */,
			);
			runOnlyForDeploymentPostprocessing = 0;
		};
/* End PBXSourcesBuildPhase section */

/* Begin PBXVariantGroup section */
		0CC96DB31ED1583C00484771 /* Main.storyboard */ = {
			isa = PBXVariantGroup;
			children = (
				0CC96DB41ED1583C00484771 /* Base */,
			);
			name = Main.storyboard;
			sourceTree = "<group>";
		};
		0CC96DB81ED1583C00484771 /* LaunchScreen.storyboard */ = {
			isa = PBXVariantGroup;
			children = (
				0CC96DB91ED1583C00484771 /* Base */,
			);
			name = LaunchScreen.storyboard;
			sourceTree = "<group>";
		};
/* End PBXVariantGroup section */

/* Begin XCBuildConfiguration section */
		0CC96DBC1ED1583C00484771 /* Debug */ = {
			isa = XCBuildConfiguration;
			buildSettings = {
				ALWAYS_SEARCH_USER_PATHS = NO;
				CLANG_ANALYZER_NONNULL = YES;
				CLANG_ANALYZER_NUMBER_OBJECT_CONVERSION = YES_AGGRESSIVE;
				CLANG_CXX_LANGUAGE_STANDARD = "gnu++0x";
				CLANG_CXX_LIBRARY = "libc++";
				CLANG_ENABLE_MODULES = YES;
				CLANG_ENABLE_OBJC_ARC = YES;
				CLANG_WARN_BOOL_CONVERSION = YES;
				CLANG_WARN_CONSTANT_CONVERSION = YES;
				CLANG_WARN_DIRECT_OBJC_ISA_USAGE = YES_ERROR;
				CLANG_WARN_DOCUMENTATION_COMMENTS = YES;
				CLANG_WARN_EMPTY_BODY = YES;
				CLANG_WARN_ENUM_CONVERSION = YES;
				CLANG_WARN_INFINITE_RECURSION = YES;
				CLANG_WARN_INT_CONVERSION = YES;
				CLANG_WARN_OBJC_ROOT_CLASS = YES_ERROR;
				CLANG_WARN_SUSPICIOUS_MOVE = YES;
				CLANG_WARN_UNREACHABLE_CODE = YES;
				CLANG_WARN__DUPLICATE_METHOD_MATCH = YES;
				"CODE_SIGN_IDENTITY[sdk=iphoneos*]" = "iPhone Developer";
				COPY_PHASE_STRIP = NO;
				DEBUG_INFORMATION_FORMAT = dwarf;
				ENABLE_STRICT_OBJC_MSGSEND = YES;
				ENABLE_TESTABILITY = YES;
				GCC_C_LANGUAGE_STANDARD = gnu99;
				GCC_DYNAMIC_NO_PIC = NO;
				GCC_NO_COMMON_BLOCKS = YES;
				GCC_OPTIMIZATION_LEVEL = 0;
				GCC_PREPROCESSOR_DEFINITIONS = (
					"DEBUG=1",
					"$(inherited)",
				);
				GCC_WARN_64_TO_32_BIT_CONVERSION = YES;
				GCC_WARN_ABOUT_RETURN_TYPE = YES_ERROR;
				GCC_WARN_UNDECLARED_SELECTOR = YES;
				GCC_WARN_UNINITIALIZED_AUTOS = YES_AGGRESSIVE;
				GCC_WARN_UNUSED_FUNCTION = YES;
				GCC_WARN_UNUSED_VARIABLE = YES;
				IPHONEOS_DEPLOYMENT_TARGET = 10.3;
				MTL_ENABLE_DEBUG_INFO = YES;
				ONLY_ACTIVE_ARCH = YES;
				SDKROOT = iphoneos;
			};
			name = Debug;
		};
		0CC96DBD1ED1583C00484771 /* Release */ = {
			isa = XCBuildConfiguration;
			buildSettings = {
				ALWAYS_SEARCH_USER_PATHS = NO;
				CLANG_ANALYZER_NONNULL = YES;
				CLANG_ANALYZER_NUMBER_OBJECT_CONVERSION = YES_AGGRESSIVE;
				CLANG_CXX_LANGUAGE_STANDARD = "gnu++0x";
				CLANG_CXX_LIBRARY = "libc++";
				CLANG_ENABLE_MODULES = YES;
				CLANG_ENABLE_OBJC_ARC = YES;
				CLANG_WARN_BOOL_CONVERSION = YES;
				CLANG_WARN_CONSTANT_CONVERSION = YES;
				CLANG_WARN_DIRECT_OBJC_ISA_USAGE = YES_ERROR;
				CLANG_WARN_DOCUMENTATION_COMMENTS = YES;
				CLANG_WARN_EMPTY_BODY = YES;
				CLANG_WARN_ENUM_CONVERSION = YES;
				CLANG_WARN_INFINITE_RECURSION = YES;
				CLANG_WARN_INT_CONVERSION = YES;
				CLANG_WARN_OBJC_ROOT_CLASS = YES_ERROR;
				CLANG_WARN_SUSPICIOUS_MOVE = YES;
				CLANG_WARN_UNREACHABLE_CODE = YES;
				CLANG_WARN__DUPLICATE_METHOD_MATCH = YES;
				"CODE_SIGN_IDENTITY[sdk=iphoneos*]" = "iPhone Developer";
				COPY_PHASE_STRIP = NO;
				DEBUG_INFORMATION_FORMAT = "dwarf-with-dsym";
				ENABLE_NS_ASSERTIONS = NO;
				ENABLE_STRICT_OBJC_MSGSEND = YES;
				GCC_C_LANGUAGE_STANDARD = gnu99;
				GCC_NO_COMMON_BLOCKS = YES;
				GCC_WARN_64_TO_32_BIT_CONVERSION = YES;
				GCC_WARN_ABOUT_RETURN_TYPE = YES_ERROR;
				GCC_WARN_UNDECLARED_SELECTOR = YES;
				GCC_WARN_UNINITIALIZED_AUTOS = YES_AGGRESSIVE;
				GCC_WARN_UNUSED_FUNCTION = YES;
				GCC_WARN_UNUSED_VARIABLE = YES;
				IPHONEOS_DEPLOYMENT_TARGET = 10.3;
				MTL_ENABLE_DEBUG_INFO = NO;
				SDKROOT = iphoneos;
				VALIDATE_PRODUCT = YES;
			};
			name = Release;
		};
		0CC96DBF1ED1583C00484771 /* Debug */ = {
			isa = XCBuildConfiguration;
			baseConfigurationReference = 09EBFF66163AA27A22DA0075 /* Pods-Gomoku.debug.xcconfig */;
			buildSettings = {
				ASSETCATALOG_COMPILER_APPICON_NAME = AppIcon;
				DEVELOPMENT_TEAM = 7STNWYS4YZ;
				INFOPLIST_FILE = Gomoku/Info.plist;
				LD_RUNPATH_SEARCH_PATHS = "$(inherited) @executable_path/Frameworks";
				PRODUCT_BUNDLE_IDENTIFIER = edu.unimelb.Gomoku;
				PRODUCT_NAME = "$(TARGET_NAME)";
			};
			name = Debug;
		};
		0CC96DC01ED1583C00484771 /* Release */ = {
			isa = XCBuildConfiguration;
			baseConfigurationReference = 0C7044F4539E688F07C35966 /* Pods-Gomoku.release.xcconfig */;
			buildSettings = {
				ASSETCATALOG_COMPILER_APPICON_NAME = AppIcon;
				DEVELOPMENT_TEAM = 7STNWYS4YZ;
				INFOPLIST_FILE = Gomoku/Info.plist;
				LD_RUNPATH_SEARCH_PATHS = "$(inherited) @executable_path/Frameworks";
				PRODUCT_BUNDLE_IDENTIFIER = edu.unimelb.Gomoku;
				PRODUCT_NAME = "$(TARGET_NAME)";
			};
			name = Release;
		};
/* End XCBuildConfiguration section */

/* Begin XCConfigurationList section */
		0CC96DA21ED1583C00484771 /* Build configuration list for PBXProject "Gomoku" */ = {
			isa = XCConfigurationList;
			buildConfigurations = (
				0CC96DBC1ED1583C00484771 /* Debug */,
				0CC96DBD1ED1583C00484771 /* Release */,
			);
			defaultConfigurationIsVisible = 0;
			defaultConfigurationName = Release;
		};
		0CC96DBE1ED1583C00484771 /* Build configuration list for PBXNativeTarget "Gomoku" */ = {
			isa = XCConfigurationList;
			buildConfigurations = (
				0CC96DBF1ED1583C00484771 /* Debug */,
				0CC96DC01ED1583C00484771 /* Release */,
			);
			defaultConfigurationIsVisible = 0;
			defaultConfigurationName = Release;
		};
/* End XCConfigurationList section */
	};
	rootObject = 0CC96D9F1ED1583C00484771 /* Project object */;
}
